
Microsoft Visual Studio Solution File, Format Version 12.00
# Visual Studio Version 16
VisualStudioVersion = 16.0.31205.134
MinimumVisualStudioVersion = 10.0.40219.1
Project("{8BC9CEB8-8B4A-11D0-8D11-00A0C91BC942}") = "014_2 运算符重载_递增运算符重载", "014_2 运算符重载_递增运算符重载\014_2 运算符重载_递增运算符重载.vcxproj", "{CAAE7241-C8B7-423A-8BBB-B8D3353D7BD5}"
EndProject
Global
	GlobalSection(SolutionConfigurationPlatforms) = preSolution
		Debug|x64 = Debug|x64
		Debug|x86 = Debug|x86
		Release|x64 = Release|x64
		Release|x86 = Release|x86
	EndGlobalSection
	GlobalSection(ProjectConfigurationPlatforms) = postSolution
		{CAAE7241-C8B7-423A-8BBB-B8D3353D7BD5}.Debug|x64.ActiveCfg = Debug|x64
		{CAAE7241-C8B7-423A-8BBB-B8D3353D7BD5}.Debug|x64.Build.0 = Debug|x64
		{CAAE7241-C8B7-423A-8BBB-B8D3353D7BD5}.Debug|x86.ActiveCfg = Debug|Win32
		{CAAE7241-C8B7-423A-8BBB-B8D3353D7BD5}.Debug|x86.Build.0 = Debug|Win32
		{CAAE7241-C8B7-423A-8BBB-B8D3353D7BD5}.Release|x64.ActiveCfg = Release|x64
		{CAAE7241-C8B7-423A-8BBB-B8D3353D7BD5}.Release|x64.Build.0 = Release|x64
		{CAAE7241-C8B7-423A-8BBB-B8D3353D7BD5}.Release|x86.ActiveCfg = Release|Win32
		{CAAE7241-C8B7-423A-8BBB-B8D3353D7BD5}.Release|x86.Build.0 = Release|Win32
	EndGlobalSection
	GlobalSection(SolutionProperties) = preSolution
		HideSolutionNode = FALSE
	EndGlobalSection
	GlobalSection(ExtensibilityGlobals) = postSolution
		SolutionGuid = {D0A26D25-348F-4BB6-BF93-2BA6FD9821AF}
	EndGlobalSection
EndGlobal
