
Microsoft Visual Studio Solution File, Format Version 12.00
# Visual Studio Version 16
VisualStudioVersion = 16.0.31205.134
MinimumVisualStudioVersion = 10.0.40219.1
Project("{8BC9CEB8-8B4A-11D0-8D11-00A0C91BC942}") = "015_4 继承_同名成员处理", "015_4 继承_同名成员处理\015_4 继承_同名成员处理.vcxproj", "{6F71D82E-8EBD-4B9B-AEFE-A40CA71ACD91}"
EndProject
Global
	GlobalSection(SolutionConfigurationPlatforms) = preSolution
		Debug|x64 = Debug|x64
		Debug|x86 = Debug|x86
		Release|x64 = Release|x64
		Release|x86 = Release|x86
	EndGlobalSection
	GlobalSection(ProjectConfigurationPlatforms) = postSolution
		{6F71D82E-8EBD-4B9B-AEFE-A40CA71ACD91}.Debug|x64.ActiveCfg = Debug|x64
		{6F71D82E-8EBD-4B9B-AEFE-A40CA71ACD91}.Debug|x64.Build.0 = Debug|x64
		{6F71D82E-8EBD-4B9B-AEFE-A40CA71ACD91}.Debug|x86.ActiveCfg = Debug|Win32
		{6F71D82E-8EBD-4B9B-AEFE-A40CA71ACD91}.Debug|x86.Build.0 = Debug|Win32
		{6F71D82E-8EBD-4B9B-AEFE-A40CA71ACD91}.Release|x64.ActiveCfg = Release|x64
		{6F71D82E-8EBD-4B9B-AEFE-A40CA71ACD91}.Release|x64.Build.0 = Release|x64
		{6F71D82E-8EBD-4B9B-AEFE-A40CA71ACD91}.Release|x86.ActiveCfg = Release|Win32
		{6F71D82E-8EBD-4B9B-AEFE-A40CA71ACD91}.Release|x86.Build.0 = Release|Win32
	EndGlobalSection
	GlobalSection(SolutionProperties) = preSolution
		HideSolutionNode = FALSE
	EndGlobalSection
	GlobalSection(ExtensibilityGlobals) = postSolution
		SolutionGuid = {72C9F75F-EADA-4858-A2ED-1A95AFD5AF3D}
	EndGlobalSection
EndGlobal
